// !$*UTF8*$!
{ archiveVersion = 1; classes = {}; objectVersion = 60; objects = {
ABCD55005500550055005500 = { isa = PBXFileReference; lastKnownFileType = sourcecode.swift; path = "Tabnax/WindowActions.swift"; sourceTree = "<group>"; };
ABCD55005500550055005501 = { isa = PBXBuildFile; fileRef = ABCD55005500550055005500; };
9B13576141BC93E8F574DF9E /* TabnaxTests/RendererPerformanceTests.swift */ = { isa = PBXFileReference; lastKnownFileType = sourcecode.swift; path = "TabnaxTests/RendererPerformanceTests.swift"; sourceTree = "<group>"; };
3445590B3C7D474503EEB15D /* build TabnaxTests/RendererPerformanceTests.swift */ = { isa = PBXBuildFile; fileRef = 9B13576141BC93E8F574DF9E; };

6615CCA26B60310476078AB1 /* TabnaxTests/CataloguePerformanceTests.swift */ = { isa = PBXFileReference; lastKnownFileType = sourcecode.swift; path = "TabnaxTests/CataloguePerformanceTests.swift"; sourceTree = "<group>"; };
6168F5299EA4615523653B92 /* build TabnaxTests/CataloguePerformanceTests.swift */ = { isa = PBXBuildFile; fileRef = 6615CCA26B60310476078AB1; };

FF3C5996CE6822069D8544D9 /* TabnaxTests/BrowserPerformanceTests.swift */ = { isa = PBXFileReference; lastKnownFileType = sourcecode.swift; path = "TabnaxTests/BrowserPerformanceTests.swift"; sourceTree = "<group>"; };
27F167C8CAAF519FB40BB2E7 /* build TabnaxTests/BrowserPerformanceTests.swift */ = { isa = PBXBuildFile; fileRef = FF3C5996CE6822069D8544D9; };

ABCD44004400440044004410 = { isa = PBXFileReference; lastKnownFileType = sourcecode.swift; path = "TabnaxTests/DesktopSpotlightTests.swift"; sourceTree = "<group>"; };
ABCD44004400440044004411 = { isa = PBXBuildFile; fileRef = ABCD44004400440044004410; };
ABCD44004400440044004400 = { isa = PBXFileReference; lastKnownFileType = sourcecode.swift; path = "Tabnax/DesktopSpotlight.swift"; sourceTree = "<group>"; };
ABCD44004400440044004401 = { isa = PBXBuildFile; fileRef = ABCD44004400440044004400; };
ABCD33003300330033003300 = { isa = PBXFileReference; lastKnownFileType = sourcecode.swift; path = "Tabnax/StatusMenuHeaderView.swift"; sourceTree = "<group>"; };
ABCD33003300330033003301 = { isa = PBXBuildFile; fileRef = ABCD33003300330033003300; };
ABCD22002200220022002200 = { isa = PBXFileReference; lastKnownFileType = sourcecode.swift; path = "Tabnax/ApplicationShortcuts.swift"; sourceTree = "<group>"; };
ABCD22002200220022002201 = { isa = PBXBuildFile; fileRef = ABCD22002200220022002200; };

ABCD11001100110011001100 = { isa = PBXFileReference; lastKnownFileType = sourcecode.swift; path = "Tabnax/SettingsDesign.swift"; sourceTree = "<group>"; };
ABCD11001100110011001101 = { isa = PBXBuildFile; fileRef = ABCD11001100110011001100; };
1234ABCDEF1234ABCDEF12345 = { isa = PBXFileReference; lastKnownFileType = sourcecode.swift; path = "Tabnax/BrowserTransport.swift"; sourceTree = "<group>"; };
1234ABCDEF1234ABCDEF12346 = { isa = PBXBuildFile; fileRef = 1234ABCDEF1234ABCDEF12345; };
B6B06522090859124E014D22 = { isa = PBXFileReference; lastKnownFileType = sourcecode.swift; path = "SafariCompanion/SafariWebExtensionHandler.swift"; sourceTree = "<group>"; };
72F0BF250CD0D810F9C91369 = { isa = PBXBuildFile; fileRef = B6B06522090859124E014D22; };
43A9D105B506F05F5569BCBD = { isa = PBXFileReference; lastKnownFileType = sourcecode.swift; path = "Tabnax/BrowserTransport.swift"; sourceTree = "<group>"; };
54D19A682EA96FBFBD763C9C = { isa = PBXBuildFile; fileRef = 43A9D105B506F05F5569BCBD; };
DB353A85EBF56B4D37B1DDA3 = { isa = PBXFileReference; lastKnownFileType = sourcecode.swift; path = "SafariCompanion/BridgeLock.swift"; sourceTree = "<group>"; };
9A10784E95CFA2A9A3118150 = { isa = PBXBuildFile; fileRef = DB353A85EBF56B4D37B1DDA3; };
30B293C8456C245A1220E376 = { isa = PBXFileReference; lastKnownFileType = text; path = "SafariCompanion/Resources/manifest.json"; sourceTree = "<group>"; };
98D51D296AB2D417AD3A9B5D = { isa = PBXBuildFile; fileRef = 30B293C8456C245A1220E376; };
539B5A057F44CBB72246AC45 = { isa = PBXFileReference; lastKnownFileType = text; path = "SafariCompanion/Resources/background.js"; sourceTree = "<group>"; };
EF8931C8771EFAFCD4BD0E94 = { isa = PBXBuildFile; fileRef = 539B5A057F44CBB72246AC45; };
59699CCE10A6F7F09D614B70 = { isa = PBXFileReference; lastKnownFileType = text; path = "SafariCompanion/Resources/safari-port.js"; sourceTree = "<group>"; };
7883EA61DB9AC3775DABA999 = { isa = PBXBuildFile; fileRef = 59699CCE10A6F7F09D614B70; };
ABEDDF99B6585E1522B48164 = { isa = PBXSourcesBuildPhase; buildActionMask = 2147483647; files = (72F0BF250CD0D810F9C91369,54D19A682EA96FBFBD763C9C,9A10784E95CFA2A9A3118150,); runOnlyForDeploymentPostprocessing = 0; };
E9A79AC3C759B74469675675 = { isa = PBXResourcesBuildPhase; buildActionMask = 2147483647; files = (98D51D296AB2D417AD3A9B5D,EF8931C8771EFAFCD4BD0E94,7883EA61DB9AC3775DABA999,); runOnlyForDeploymentPostprocessing = 0; };
04398EB9DB013E1C02207F6B = { isa = XCSwiftPackageProductDependency; package = 582681C2EAE02B3F3D399C0C; productName = TabnaxCore; };
336EDA152A027AF90AD4EFC6 = { isa = PBXBuildFile; productRef = 04398EB9DB013E1C02207F6B; };
267D40032A057CCE78588D12 = { isa = PBXFrameworksBuildPhase; buildActionMask = 2147483647; files = (336EDA152A027AF90AD4EFC6,); runOnlyForDeploymentPostprocessing = 0; };
1BBFCEDAF5A9C771689ABFBB = { isa = PBXFileReference; explicitFileType = "wrapper.app-extension"; path = TabnaxSafari.appex; sourceTree = BUILT_PRODUCTS_DIR; };
EA30B780802B569BE192E566 = { isa = XCBuildConfiguration; name = Debug; buildSettings = { PRODUCT_NAME = "$(TARGET_NAME)"; TABNAX_APP_BUNDLE_IDENTIFIER = pl.tabnax.Tabnax; PRODUCT_BUNDLE_IDENTIFIER = "$(TABNAX_APP_BUNDLE_IDENTIFIER).Safari"; CODE_SIGN_STYLE = Manual; CODE_SIGN_IDENTITY = "-"; SWIFT_VERSION = 6.0; SWIFT_STRICT_CONCURRENCY = complete; SWIFT_DEFAULT_ACTOR_ISOLATION = nonisolated; MACOSX_DEPLOYMENT_TARGET = 15.0; SDKROOT = macosx; ARCHS = arm64; GENERATE_INFOPLIST_FILE = YES; INFOPLIST_FILE = SafariCompanion/Info.plist; CODE_SIGN_ENTITLEMENTS = SafariCompanion/SafariCompanion.entitlements; SKIP_INSTALL = YES; ENABLE_APP_SANDBOX = YES; APPLICATION_EXTENSION_API_ONLY = YES; LD_RUNPATH_SEARCH_PATHS = "$(inherited) @executable_path/../Frameworks @executable_path/../../../../Frameworks"; }; };
E8BC2D44D2BA8E59B08D9D1F = { isa = XCBuildConfiguration; name = Release; buildSettings = { PRODUCT_NAME = "$(TARGET_NAME)"; TABNAX_APP_BUNDLE_IDENTIFIER = pl.tabnax.Tabnax; PRODUCT_BUNDLE_IDENTIFIER = "$(TABNAX_APP_BUNDLE_IDENTIFIER).Safari"; CODE_SIGN_STYLE = Automatic; CODE_SIGN_IDENTITY = "-"; SWIFT_VERSION = 6.0; SWIFT_STRICT_CONCURRENCY = complete; SWIFT_DEFAULT_ACTOR_ISOLATION = nonisolated; MACOSX_DEPLOYMENT_TARGET = 15.0; SDKROOT = macosx; ARCHS = arm64; GENERATE_INFOPLIST_FILE = YES; INFOPLIST_FILE = SafariCompanion/Info.plist; CODE_SIGN_ENTITLEMENTS = SafariCompanion/SafariCompanion.entitlements; SKIP_INSTALL = YES; ENABLE_APP_SANDBOX = YES; APPLICATION_EXTENSION_API_ONLY = YES; LD_RUNPATH_SEARCH_PATHS = "$(inherited) @executable_path/../Frameworks @executable_path/../../../../Frameworks"; }; };
D2E4578F875B4049308A98B9 = { isa = XCConfigurationList; buildConfigurations = (EA30B780802B569BE192E566,E8BC2D44D2BA8E59B08D9D1F,); defaultConfigurationIsVisible = 0; defaultConfigurationName = Release; };
D1776F5F06C06B08FBF1471E = { isa = PBXNativeTarget; buildConfigurationList = D2E4578F875B4049308A98B9; buildPhases = (ABEDDF99B6585E1522B48164,267D40032A057CCE78588D12,E9A79AC3C759B74469675675,); buildRules = (); dependencies = (); name = TabnaxSafari; packageProductDependencies = (04398EB9DB013E1C02207F6B,); productName = TabnaxSafari; productReference = 1BBFCEDAF5A9C771689ABFBB; productType = "com.apple.product-type.app-extension"; };
A3C6BAAE4552F814D13C13E3 = { isa = PBXContainerItemProxy; containerPortal = 98F54143AB4E86B28C3AFEE0; proxyType = 1; remoteGlobalIDString = D1776F5F06C06B08FBF1471E; remoteInfo = TabnaxSafari; };
A3FC41A090D8B93D82971118 = { isa = PBXTargetDependency; target = D1776F5F06C06B08FBF1471E; targetProxy = A3C6BAAE4552F814D13C13E3; };
BBCC3D7DEA3840BF53225F1E = { isa = PBXBuildFile; fileRef = 1BBFCEDAF5A9C771689ABFBB; settings = { ATTRIBUTES = (RemoveHeadersOnCopy,); }; };
BB9ACF74CC9C0B12382601BF = { isa = PBXCopyFilesBuildPhase; buildActionMask = 2147483647; dstPath = ""; dstSubfolderSpec = 13; files = (BBCC3D7DEA3840BF53225F1E,); name = "Embed Safari Companion"; runOnlyForDeploymentPostprocessing = 0; };

AAAABBBBCCCC000011112222 = { isa = PBXFileReference; lastKnownFileType = folder; path = BrowserCompanion; sourceTree = "<group>"; };
AAAABBBBCCCC000011112223 = { isa = PBXBuildFile; fileRef = AAAABBBBCCCC000011112222; };
AAAABBBBCCCC000011112224 = { isa = PBXResourcesBuildPhase; buildActionMask = 2147483647; files = (AAAABBBBCCCC000011112223,A6DD0D43E94645A49707E9D4,); runOnlyForDeploymentPostprocessing = 0; };

E8E93A9E6C6B513C87F40E4B = { isa = PBXFileReference; lastKnownFileType = sourcecode.swift; path = "Tabnax/BrowserBridge.swift"; sourceTree = "<group>"; };
0E51A1AB22577D15F243228F = { isa = PBXBuildFile; fileRef = E8E93A9E6C6B513C87F40E4B; };
31E5FF1A40A7DEC699FF8F21 = { isa = PBXFileReference; lastKnownFileType = sourcecode.swift; path = "Tabnax/BrowserCatalogue.swift"; sourceTree = "<group>"; };
AADD70BB5CB3912E266C47A1 = { isa = PBXBuildFile; fileRef = 31E5FF1A40A7DEC699FF8F21; };
A98DDC09A9E1460E0DCCA225 /* Tabnax/Support.swift */ = { isa = PBXFileReference; lastKnownFileType = sourcecode.swift; path = "Tabnax/Support.swift"; sourceTree = "<group>"; };
945FFE739D1D6E7F072CF843 /* build Tabnax/Support.swift */ = { isa = PBXBuildFile; fileRef = A98DDC09A9E1460E0DCCA225; };
ABCD66006600660066006602 = { isa = PBXFileReference; lastKnownFileType = sourcecode.swift; path = "Tabnax/ShortcutExceptions.swift"; sourceTree = "<group>"; };
ABCD66006600660066006601 = { isa = PBXBuildFile; fileRef = ABCD66006600660066006602; };
C9997EA59A1E15CF0A7FB33F /* Tabnax/InputRouter.swift */ = { isa = PBXFileReference; lastKnownFileType = sourcecode.swift; path = "Tabnax/InputRouter.swift"; sourceTree = "<group>"; };
60287C0842ECE66ABCBB77BB /* build Tabnax/InputRouter.swift */ = { isa = PBXBuildFile; fileRef = C9997EA59A1E15CF0A7FB33F; };
FEE1A3D39BC67EA91247CB52 /* Tabnax/AppDelegate.swift */ = { isa = PBXFileReference; lastKnownFileType = sourcecode.swift; path = "Tabnax/AppDelegate.swift"; sourceTree = "<group>"; };
7F9E8E4854E05CDA83DE43E8 /* build Tabnax/AppDelegate.swift */ = { isa = PBXBuildFile; fileRef = FEE1A3D39BC67EA91247CB52; };
04FAA63EA75FA1D96C790800 /* Tabnax/WindowCatalogue.swift */ = { isa = PBXFileReference; lastKnownFileType = sourcecode.swift; path = "Tabnax/WindowCatalogue.swift"; sourceTree = "<group>"; };
19F774505AF3C8B5EDCEE8F0 /* build Tabnax/WindowCatalogue.swift */ = { isa = PBXBuildFile; fileRef = 04FAA63EA75FA1D96C790800; };
4909E9C012612C5807F9E0EF /* Tabnax/SettingsController.swift */ = { isa = PBXFileReference; lastKnownFileType = sourcecode.swift; path = "Tabnax/SettingsController.swift"; sourceTree = "<group>"; };
049B89EB09B70A27C6319E86 /* build Tabnax/SettingsController.swift */ = { isa = PBXBuildFile; fileRef = 4909E9C012612C5807F9E0EF; };
94A7B42D5EB120D38998855D /* Tabnax/ModePresenter.swift */ = { isa = PBXFileReference; lastKnownFileType = sourcecode.swift; path = "Tabnax/ModePresenter.swift"; sourceTree = "<group>"; };
BF25B4B9B2D3A6039784FC80 /* build Tabnax/ModePresenter.swift */ = { isa = PBXBuildFile; fileRef = 94A7B42D5EB120D38998855D; };
DFC37F999F69E9207B8AFF35 /* Tabnax/FocusCoordinator.swift */ = { isa = PBXFileReference; lastKnownFileType = sourcecode.swift; path = "Tabnax/FocusCoordinator.swift"; sourceTree = "<group>"; };
3BB73E16F66F1CD8D802C4DD /* build Tabnax/FocusCoordinator.swift */ = { isa = PBXBuildFile; fileRef = DFC37F999F69E9207B8AFF35; };
5D2B18F0E0257C97FE22DB4C /* Tabnax sources */ = { isa = PBXSourcesBuildPhase; buildActionMask = 2147483647; files = (0D47E501D47E501D47E501D4,ABCD66006600660066006601,ABCD55005500550055005501,ABCD44004400440044004401,ABCD33003300330033003301,ABCD22002200220022002201,ABCD11001100110011001101,1234ABCDEF1234ABCDEF12346,0E51A1AB22577D15F243228F,AADD70BB5CB3912E266C47A1,E40035DF2233263BA75B0AAA,945FFE739D1D6E7F072CF843,60287C0842ECE66ABCBB77BB,7F9E8E4854E05CDA83DE43E8,19F774505AF3C8B5EDCEE8F0,049B89EB09B70A27C6319E86,BF25B4B9B2D3A6039784FC80,3BB73E16F66F1CD8D802C4DD,); runOnlyForDeploymentPostprocessing = 0; };
363FD949F57EB1C0D04E7510 /* Tabnax core */ = { isa = XCSwiftPackageProductDependency; package = 582681C2EAE02B3F3D399C0C; productName = TabnaxCore; };
F30620AFE48F2C0319299AA7 /* Tabnax core build */ = { isa = PBXBuildFile; productRef = 363FD949F57EB1C0D04E7510; };
82B5D02F4AEB8BB95E5C9F6D /* Tabnax frameworks */ = { isa = PBXFrameworksBuildPhase; buildActionMask = 2147483647; files = (F30620AFE48F2C0319299AA7,5BA4C1E25BA4C1E25BA4C1E2,); runOnlyForDeploymentPostprocessing = 0; };
E59B7004FEF379E8FBF32D78 /* Tabnax product */ = { isa = PBXFileReference; explicitFileType = wrapper.application; path = Tabnax.app; sourceTree = BUILT_PRODUCTS_DIR; };
41A06EC720FF9544602E7C48 /* Tabnax Debug */ = { isa = XCBuildConfiguration; buildSettings = {PRODUCT_NAME = "$(TARGET_NAME)"; TABNAX_APP_BUNDLE_IDENTIFIER = pl.tabnax.Tabnax; PRODUCT_BUNDLE_IDENTIFIER = "$(TABNAX_APP_BUNDLE_IDENTIFIER)"; CODE_SIGN_STYLE = Manual; CODE_SIGN_IDENTITY = "-"; SWIFT_VERSION = 6.0; SWIFT_STRICT_CONCURRENCY = complete; MACOSX_DEPLOYMENT_TARGET = 15.0; SDKROOT = macosx; ARCHS = arm64; ENABLE_HARDENED_RUNTIME = NO; ENABLE_APP_SANDBOX = NO; ENABLE_DEBUG_DYLIB = NO; SWIFT_DEFAULT_ACTOR_ISOLATION = nonisolated; LD_RUNPATH_SEARCH_PATHS = "$(inherited) @executable_path/../Frameworks @loader_path/../Frameworks"; INFOPLIST_FILE = Tabnax/Info.plist; CODE_SIGN_ENTITLEMENTS = Tabnax/Tabnax.entitlements; ASSETCATALOG_COMPILER_APPICON_NAME = AppIcon; ENABLE_TESTABILITY = YES; SWIFT_OPTIMIZATION_LEVEL = "-Onone"; GCC_PREPROCESSOR_DEFINITIONS = "DEBUG=1 $(inherited)"; SWIFT_ACTIVE_COMPILATION_CONDITIONS = DEBUG; DEBUG_INFORMATION_FORMAT = dwarf;}; name = Debug; };
6C439459C3EEA0AA12AA0374 /* Tabnax Release */ = { isa = XCBuildConfiguration; buildSettings = {PRODUCT_NAME = "$(TARGET_NAME)"; TABNAX_APP_BUNDLE_IDENTIFIER = pl.tabnax.Tabnax; PRODUCT_BUNDLE_IDENTIFIER = "$(TABNAX_APP_BUNDLE_IDENTIFIER)"; CODE_SIGN_STYLE = Automatic; CODE_SIGN_IDENTITY = "-"; SWIFT_VERSION = 6.0; SWIFT_STRICT_CONCURRENCY = complete; MACOSX_DEPLOYMENT_TARGET = 15.0; SDKROOT = macosx; ARCHS = arm64; ENABLE_HARDENED_RUNTIME = YES; ENABLE_APP_SANDBOX = NO; SWIFT_DEFAULT_ACTOR_ISOLATION = nonisolated; LD_RUNPATH_SEARCH_PATHS = "$(inherited) @executable_path/../Frameworks @loader_path/../Frameworks"; INFOPLIST_FILE = Tabnax/Info.plist; CODE_SIGN_ENTITLEMENTS = Tabnax/Tabnax.entitlements; ASSETCATALOG_COMPILER_APPICON_NAME = AppIcon; SWIFT_OPTIMIZATION_LEVEL = "-O"; SWIFT_COMPILATION_MODE = wholemodule; DEBUG_INFORMATION_FORMAT = "dwarf-with-dsym";}; name = Release; };
826226BD66D0B4C97F053E41 /* Tabnax configs */ = { isa = XCConfigurationList; buildConfigurations = (41A06EC720FF9544602E7C48,6C439459C3EEA0AA12AA0374,); defaultConfigurationIsVisible = 0; defaultConfigurationName = Release; };
7ED06992C49F214C9F3B0E2E /* Tabnax target */ = { isa = PBXNativeTarget; buildConfigurationList = 826226BD66D0B4C97F053E41; buildPhases = (BB9ACF74CC9C0B12382601BF,AAAABBBBCCCC000011112224,5D2B18F0E0257C97FE22DB4C,82B5D02F4AEB8BB95E5C9F6D,); buildRules = (); dependencies = (A3FC41A090D8B93D82971118,); name = Tabnax; packageProductDependencies = (363FD949F57EB1C0D04E7510,5BA4C1E15BA4C1E15BA4C1E1,); productName = Tabnax; productReference = E59B7004FEF379E8FBF32D78; productType = "com.apple.product-type.application"; };
B00A3665597841353EEDAF65 /* Fixtures/WindowFixture.swift */ = { isa = PBXFileReference; lastKnownFileType = sourcecode.swift; path = "Fixtures/WindowFixture.swift"; sourceTree = "<group>"; };
89B5B0D3699701792AA05EDA /* build Fixtures/WindowFixture.swift */ = { isa = PBXBuildFile; fileRef = B00A3665597841353EEDAF65; };
CC477A70EBD00C9738480B74 /* TabnaxFixture sources */ = { isa = PBXSourcesBuildPhase; buildActionMask = 2147483647; files = (89B5B0D3699701792AA05EDA,); runOnlyForDeploymentPostprocessing = 0; };
B8BDB40079555E28F924DDC1 /* TabnaxFixture frameworks */ = { isa = PBXFrameworksBuildPhase; buildActionMask = 2147483647; files = (); runOnlyForDeploymentPostprocessing = 0; };
4D13149B9EEC9620911641C9 /* TabnaxFixture product */ = { isa = PBXFileReference; explicitFileType = wrapper.application; path = TabnaxFixture.app; sourceTree = BUILT_PRODUCTS_DIR; };
5D7A4999824F78B974E812F0 /* TabnaxFixture Debug */ = { isa = XCBuildConfiguration; buildSettings = {PRODUCT_NAME = "$(TARGET_NAME)"; PRODUCT_BUNDLE_IDENTIFIER = pl.tabnax.TabnaxFixture; CODE_SIGN_STYLE = Manual; CODE_SIGN_IDENTITY = "-"; SWIFT_VERSION = 6.0; SWIFT_STRICT_CONCURRENCY = complete; MACOSX_DEPLOYMENT_TARGET = 15.0; SDKROOT = macosx; ARCHS = arm64; ENABLE_HARDENED_RUNTIME = YES; ENABLE_DEBUG_DYLIB = NO; ENABLE_APP_SANDBOX = NO; SWIFT_DEFAULT_ACTOR_ISOLATION = nonisolated; LD_RUNPATH_SEARCH_PATHS = "$(inherited) @executable_path/../Frameworks @loader_path/../Frameworks"; GENERATE_INFOPLIST_FILE = YES; SWIFT_OPTIMIZATION_LEVEL = "-Onone"; GCC_PREPROCESSOR_DEFINITIONS = "DEBUG=1 $(inherited)"; SWIFT_ACTIVE_COMPILATION_CONDITIONS = DEBUG; DEBUG_INFORMATION_FORMAT = dwarf;}; name = Debug; };
5AF8688396182482A046A665 /* TabnaxFixture Release */ = { isa = XCBuildConfiguration; buildSettings = {PRODUCT_NAME = "$(TARGET_NAME)"; PRODUCT_BUNDLE_IDENTIFIER = pl.tabnax.TabnaxFixture; CODE_SIGN_STYLE = Automatic; CODE_SIGN_IDENTITY = "-"; SWIFT_VERSION = 6.0; SWIFT_STRICT_CONCURRENCY = complete; MACOSX_DEPLOYMENT_TARGET = 15.0; SDKROOT = macosx; ARCHS = arm64; ENABLE_HARDENED_RUNTIME = YES; ENABLE_APP_SANDBOX = NO; SWIFT_DEFAULT_ACTOR_ISOLATION = nonisolated; LD_RUNPATH_SEARCH_PATHS = "$(inherited) @executable_path/../Frameworks @loader_path/../Frameworks"; GENERATE_INFOPLIST_FILE = YES; SWIFT_OPTIMIZATION_LEVEL = "-O"; SWIFT_COMPILATION_MODE = wholemodule; DEBUG_INFORMATION_FORMAT = "dwarf-with-dsym";}; name = Release; };
BCFC5E33DB444631505D9A1A /* TabnaxFixture configs */ = { isa = XCConfigurationList; buildConfigurations = (5D7A4999824F78B974E812F0,5AF8688396182482A046A665,); defaultConfigurationIsVisible = 0; defaultConfigurationName = Release; };
A38A3F1483C133D88C76232B /* TabnaxFixture target */ = { isa = PBXNativeTarget; buildConfigurationList = BCFC5E33DB444631505D9A1A; buildPhases = (CC477A70EBD00C9738480B74,B8BDB40079555E28F924DDC1,); buildRules = (); dependencies = (); name = TabnaxFixture; packageProductDependencies = (); productName = TabnaxFixture; productReference = 4D13149B9EEC9620911641C9; productType = "com.apple.product-type.application"; };
C17E5F3B9C35C240C2DE99A5 /* TabnaxTests/NativeContractTests.swift */ = { isa = PBXFileReference; lastKnownFileType = sourcecode.swift; path = "TabnaxTests/NativeContractTests.swift"; sourceTree = "<group>"; };
A12DB859DD8B8D3DEC6D5B8C /* build TabnaxTests/NativeContractTests.swift */ = { isa = PBXBuildFile; fileRef = C17E5F3B9C35C240C2DE99A5; };
D8B0669D97AAEE5FD808AAAD /* TabnaxTests sources */ = { isa = PBXSourcesBuildPhase; buildActionMask = 2147483647; files = (ABCD44004400440044004411,3445590B3C7D474503EEB15D,6168F5299EA4615523653B92,27F167C8CAAF519FB40BB2E7,A12DB859DD8B8D3DEC6D5B8C,); runOnlyForDeploymentPostprocessing = 0; };
D9C6CA51C27AA23FEFB48FF5 /* TabnaxTests core */ = { isa = XCSwiftPackageProductDependency; package = 582681C2EAE02B3F3D399C0C; productName = TabnaxCore; };
4C62797C9EED9AC940F8FF60 /* TabnaxTests core build */ = { isa = PBXBuildFile; productRef = D9C6CA51C27AA23FEFB48FF5; };
B531997B55DB178D4205DEF5 /* TabnaxTests frameworks */ = { isa = PBXFrameworksBuildPhase; buildActionMask = 2147483647; files = (4C62797C9EED9AC940F8FF60,); runOnlyForDeploymentPostprocessing = 0; };
C9AEA765F2DF8A67C9DCE7F2 /* TabnaxTests product */ = { isa = PBXFileReference; explicitFileType = wrapper.cfbundle; path = TabnaxTests.xctest; sourceTree = BUILT_PRODUCTS_DIR; };
6E1EC06876AA53FBC67E0E4E /* TabnaxTests Debug */ = { isa = XCBuildConfiguration; buildSettings = {PRODUCT_NAME = "$(TARGET_NAME)"; PRODUCT_BUNDLE_IDENTIFIER = pl.tabnax.TabnaxTests; CODE_SIGN_STYLE = Manual; CODE_SIGN_IDENTITY = "-"; SWIFT_VERSION = 6.0; SWIFT_STRICT_CONCURRENCY = complete; MACOSX_DEPLOYMENT_TARGET = 15.0; SDKROOT = macosx; ARCHS = arm64; ENABLE_HARDENED_RUNTIME = NO; ENABLE_APP_SANDBOX = NO; SWIFT_DEFAULT_ACTOR_ISOLATION = nonisolated; LD_RUNPATH_SEARCH_PATHS = "$(inherited) @executable_path/../Frameworks @loader_path/../Frameworks"; GENERATE_INFOPLIST_FILE = YES; TEST_HOST = "$(BUILT_PRODUCTS_DIR)/Tabnax.app/Contents/MacOS/Tabnax"; BUNDLE_LOADER = "$(TEST_HOST)"; SWIFT_OPTIMIZATION_LEVEL = "-Onone"; GCC_PREPROCESSOR_DEFINITIONS = "DEBUG=1 $(inherited)"; SWIFT_ACTIVE_COMPILATION_CONDITIONS = DEBUG; DEBUG_INFORMATION_FORMAT = dwarf;}; name = Debug; };
CA9C209E367240BF62CAAA0A /* TabnaxTests Release */ = { isa = XCBuildConfiguration; buildSettings = {PRODUCT_NAME = "$(TARGET_NAME)"; PRODUCT_BUNDLE_IDENTIFIER = pl.tabnax.TabnaxTests; CODE_SIGN_STYLE = Automatic; CODE_SIGN_IDENTITY = "-"; SWIFT_VERSION = 6.0; SWIFT_STRICT_CONCURRENCY = complete; MACOSX_DEPLOYMENT_TARGET = 15.0; SDKROOT = macosx; ARCHS = arm64; ENABLE_HARDENED_RUNTIME = NO; ENABLE_APP_SANDBOX = NO; SWIFT_DEFAULT_ACTOR_ISOLATION = nonisolated; LD_RUNPATH_SEARCH_PATHS = "$(inherited) @executable_path/../Frameworks @loader_path/../Frameworks"; GENERATE_INFOPLIST_FILE = YES; TEST_HOST = "$(BUILT_PRODUCTS_DIR)/Tabnax.app/Contents/MacOS/Tabnax"; BUNDLE_LOADER = "$(TEST_HOST)"; SWIFT_OPTIMIZATION_LEVEL = "-O"; SWIFT_COMPILATION_MODE = wholemodule; DEBUG_INFORMATION_FORMAT = "dwarf-with-dsym";}; name = Release; };
250B2883CDBC6C85E7FE2D01 /* TabnaxTests configs */ = { isa = XCConfigurationList; buildConfigurations = (6E1EC06876AA53FBC67E0E4E,CA9C209E367240BF62CAAA0A,); defaultConfigurationIsVisible = 0; defaultConfigurationName = Release; };
3794F303D52A3BA29539F6C9 /* TabnaxTests proxy */ = { isa = PBXContainerItemProxy; containerPortal = 98F54143AB4E86B28C3AFEE0; proxyType = 1; remoteGlobalIDString = 7ED06992C49F214C9F3B0E2E; remoteInfo = Tabnax; };
81FFE58F33FAC76F55CAB673 /* TabnaxTests dependency */ = { isa = PBXTargetDependency; target = 7ED06992C49F214C9F3B0E2E; targetProxy = 3794F303D52A3BA29539F6C9; };
F5D1B74621BF2C4CCF4775A1 /* TabnaxTests target */ = { isa = PBXNativeTarget; buildConfigurationList = 250B2883CDBC6C85E7FE2D01; buildPhases = (D8B0669D97AAEE5FD808AAAD,B531997B55DB178D4205DEF5,); buildRules = (); dependencies = (81FFE58F33FAC76F55CAB673,); name = TabnaxTests; packageProductDependencies = (D9C6CA51C27AA23FEFB48FF5,); productName = TabnaxTests; productReference = C9AEA765F2DF8A67C9DCE7F2; productType = "com.apple.product-type.bundle.unit-test"; };
FA07281CA224592D74BC1C7B /* TabnaxUITests/TabnaxUITests.swift */ = { isa = PBXFileReference; lastKnownFileType = sourcecode.swift; path = "TabnaxUITests/TabnaxUITests.swift"; sourceTree = "<group>"; };
22079CA3B021A73B2DB8E57F /* build TabnaxUITests/TabnaxUITests.swift */ = { isa = PBXBuildFile; fileRef = FA07281CA224592D74BC1C7B; };
3982C3EF50C1878DCE5B8441 /* TabnaxUITests sources */ = { isa = PBXSourcesBuildPhase; buildActionMask = 2147483647; files = (22079CA3B021A73B2DB8E57F,); runOnlyForDeploymentPostprocessing = 0; };
AAC3CF9CD07D17B34CC3ACB7 /* TabnaxUITests frameworks */ = { isa = PBXFrameworksBuildPhase; buildActionMask = 2147483647; files = (); runOnlyForDeploymentPostprocessing = 0; };
9768CD06D7C0024972E01AE3 /* TabnaxUITests product */ = { isa = PBXFileReference; explicitFileType = wrapper.cfbundle; path = TabnaxUITests.xctest; sourceTree = BUILT_PRODUCTS_DIR; };
168337805110A0174B88CA86 /* TabnaxUITests Debug */ = { isa = XCBuildConfiguration; buildSettings = {PRODUCT_NAME = "$(TARGET_NAME)"; PRODUCT_BUNDLE_IDENTIFIER = pl.tabnax.TabnaxUITests; CODE_SIGN_STYLE = Manual; CODE_SIGN_IDENTITY = "-"; SWIFT_VERSION = 6.0; SWIFT_STRICT_CONCURRENCY = complete; MACOSX_DEPLOYMENT_TARGET = 15.0; SDKROOT = macosx; ARCHS = arm64; ENABLE_HARDENED_RUNTIME = NO; ENABLE_APP_SANDBOX = NO; SWIFT_DEFAULT_ACTOR_ISOLATION = nonisolated; LD_RUNPATH_SEARCH_PATHS = "$(inherited) @executable_path/../Frameworks @loader_path/../Frameworks"; GENERATE_INFOPLIST_FILE = YES; TEST_TARGET_NAME = Tabnax; SWIFT_OPTIMIZATION_LEVEL = "-Onone"; GCC_PREPROCESSOR_DEFINITIONS = "DEBUG=1 $(inherited)"; SWIFT_ACTIVE_COMPILATION_CONDITIONS = DEBUG; DEBUG_INFORMATION_FORMAT = dwarf;}; name = Debug; };
75BDC7AEC44A733C02E47940 /* TabnaxUITests Release */ = { isa = XCBuildConfiguration; buildSettings = {PRODUCT_NAME = "$(TARGET_NAME)"; PRODUCT_BUNDLE_IDENTIFIER = pl.tabnax.TabnaxUITests; CODE_SIGN_STYLE = Automatic; CODE_SIGN_IDENTITY = "-"; SWIFT_VERSION = 6.0; SWIFT_STRICT_CONCURRENCY = complete; MACOSX_DEPLOYMENT_TARGET = 15.0; SDKROOT = macosx; ARCHS = arm64; ENABLE_HARDENED_RUNTIME = NO; ENABLE_APP_SANDBOX = NO; SWIFT_DEFAULT_ACTOR_ISOLATION = nonisolated; LD_RUNPATH_SEARCH_PATHS = "$(inherited) @executable_path/../Frameworks @loader_path/../Frameworks"; GENERATE_INFOPLIST_FILE = YES; TEST_TARGET_NAME = Tabnax; SWIFT_OPTIMIZATION_LEVEL = "-O"; SWIFT_COMPILATION_MODE = wholemodule; DEBUG_INFORMATION_FORMAT = "dwarf-with-dsym";}; name = Release; };
EF44F2D6A943AAEF2AECCCA2 /* TabnaxUITests configs */ = { isa = XCConfigurationList; buildConfigurations = (168337805110A0174B88CA86,75BDC7AEC44A733C02E47940,); defaultConfigurationIsVisible = 0; defaultConfigurationName = Release; };
57D13A5C915734059C67D4E0 /* TabnaxUITests proxy */ = { isa = PBXContainerItemProxy; containerPortal = 98F54143AB4E86B28C3AFEE0; proxyType = 1; remoteGlobalIDString = 7ED06992C49F214C9F3B0E2E; remoteInfo = Tabnax; };
38D2D547B53F36326A8D026B /* TabnaxUITests dependency */ = { isa = PBXTargetDependency; target = 7ED06992C49F214C9F3B0E2E; targetProxy = 57D13A5C915734059C67D4E0; };
0061B79B30649EFEFCE560ED /* TabnaxUITests target */ = { isa = PBXNativeTarget; buildConfigurationList = EF44F2D6A943AAEF2AECCCA2; buildPhases = (3982C3EF50C1878DCE5B8441,AAC3CF9CD07D17B34CC3ACB7,); buildRules = (); dependencies = (38D2D547B53F36326A8D026B,); name = TabnaxUITests; packageProductDependencies = (); productName = TabnaxUITests; productReference = 9768CD06D7C0024972E01AE3; productType = "com.apple.product-type.bundle.ui-testing"; };
582681C2EAE02B3F3D399C0C /* package */ = { isa = XCLocalSwiftPackageReference; relativePath = Packages/TabnaxCore; };
FBDC4F23F93125BBEEAE800C /* products */ = { isa = PBXGroup; children = (E59B7004FEF379E8FBF32D78,4D13149B9EEC9620911641C9,C9AEA765F2DF8A67C9DCE7F2,9768CD06D7C0024972E01AE3,); name = Products; sourceTree = "<group>"; };
B28B7AF69320201D1CF206EB /* main */ = { isa = PBXGroup; children = (C0F16C0F16C0F16C0F16C0F1,0D47E500D47E500D47E500D4,ABCD55005500550055005500,ABCD44004400440044004410,ABCD44004400440044004400,9B13576141BC93E8F574DF9E,6615CCA26B60310476078AB1,FF3C5996CE6822069D8544D9,ABCD33003300330033003300,ABCD22002200220022002200,E8E93A9E6C6B513C87F40E4B,31E5FF1A40A7DEC699FF8F21,002038BB3CAE1E906AE044BF,A98DDC09A9E1460E0DCCA225,ABCD66006600660066006602,C9997EA59A1E15CF0A7FB33F,FEE1A3D39BC67EA91247CB52,04FAA63EA75FA1D96C790800,4909E9C012612C5807F9E0EF,ABCD11001100110011001100,94A7B42D5EB120D38998855D,DFC37F999F69E9207B8AFF35,B00A3665597841353EEDAF65,C17E5F3B9C35C240C2DE99A5,FA07281CA224592D74BC1C7B,723CA52958694980A14B4F1A,FBDC4F23F93125BBEEAE800C,); sourceTree = "<group>"; };
CACD8F8D7E01D03300A42FA5 /* project Debug */ = { isa = XCBuildConfiguration; baseConfigurationReference = C0F16C0F16C0F16C0F16C0F1; buildSettings = { CLANG_ENABLE_MODULES = YES; CLANG_ENABLE_OBJC_ARC = YES; }; name = Debug; };
B2C3C6A624C4C8479FDD1FBF /* project Release */ = { isa = XCBuildConfiguration; baseConfigurationReference = C0F16C0F16C0F16C0F16C0F1; buildSettings = { CLANG_ENABLE_MODULES = YES; CLANG_ENABLE_OBJC_ARC = YES; }; name = Release; };
FA52021448A4AC7DE6CD200E /* project configs */ = { isa = XCConfigurationList; buildConfigurations = (CACD8F8D7E01D03300A42FA5,B2C3C6A624C4C8479FDD1FBF,); defaultConfigurationIsVisible = 0; defaultConfigurationName = Release; };
98F54143AB4E86B28C3AFEE0 /* project */ = { isa = PBXProject; attributes = { LastUpgradeCheck = 2700; }; buildConfigurationList = FA52021448A4AC7DE6CD200E; compatibilityVersion = "Xcode 14.0"; developmentRegion = en; hasScannedForEncodings = 0; knownRegions = (en,Base); mainGroup = B28B7AF69320201D1CF206EB; productRefGroup = FBDC4F23F93125BBEEAE800C; projectDirPath = ""; projectRoot = ""; packageReferences = (582681C2EAE02B3F3D399C0C,5BA4C1E05BA4C1E05BA4C1E0,); targets = (D1776F5F06C06B08FBF1471E,7ED06992C49F214C9F3B0E2E,A38A3F1483C133D88C76232B,F5D1B74621BF2C4CCF4775A1,0061B79B30649EFEFCE560ED,); };
002038BB3CAE1E906AE044BF = { isa = PBXFileReference; lastKnownFileType = sourcecode.swift; path = "Tabnax/VerificationHarness.swift"; sourceTree = "<group>"; };
E40035DF2233263BA75B0AAA = { isa = PBXBuildFile; fileRef = 002038BB3CAE1E906AE044BF; };
723CA52958694980A14B4F1A /* Tabnax/Assets.xcassets */ = { isa = PBXFileReference; lastKnownFileType = folder.assetcatalog; path = "Tabnax/Assets.xcassets"; sourceTree = "<group>"; };
A6DD0D43E94645A49707E9D4 /* build Tabnax/Assets.xcassets */ = { isa = PBXBuildFile; fileRef = 723CA52958694980A14B4F1A; };
C0F16C0F16C0F16C0F16C0F1 /* Config/Tabnax.xcconfig */ = { isa = PBXFileReference; lastKnownFileType = text.xcconfig; path = "Config/Tabnax.xcconfig"; sourceTree = "<group>"; };
0D47E500D47E500D47E500D4 /* Tabnax/Updates.swift */ = { isa = PBXFileReference; lastKnownFileType = sourcecode.swift; path = "Tabnax/Updates.swift"; sourceTree = "<group>"; };
0D47E501D47E501D47E501D4 /* build Tabnax/Updates.swift */ = { isa = PBXBuildFile; fileRef = 0D47E500D47E500D47E500D4; };
5BA4C1E05BA4C1E05BA4C1E0 /* Sparkle package */ = { isa = XCRemoteSwiftPackageReference; repositoryURL = "https://github.com/sparkle-project/Sparkle"; requirement = { kind = exactVersion; version = 2.10.0; }; };
5BA4C1E15BA4C1E15BA4C1E1 /* Tabnax Sparkle */ = { isa = XCSwiftPackageProductDependency; package = 5BA4C1E05BA4C1E05BA4C1E0; productName = Sparkle; };
5BA4C1E25BA4C1E25BA4C1E2 /* Tabnax Sparkle build */ = { isa = PBXBuildFile; productRef = 5BA4C1E15BA4C1E15BA4C1E1; };
}; rootObject = 98F54143AB4E86B28C3AFEE0; }
